// !$*UTF8*$!
{
	archiveVersion = 1;
	classes = {
	};
	objectVersion = 77;
	objects = {

/* Begin PBXBuildFile section */
		AA11BB22CC33DD44EE550011 /* Vendor in Resources */ = {isa = PBXBuildFile; fileRef = AA11BB22CC33DD44EE550010 /* Vendor */; };
/* End PBXBuildFile section */

/* Begin PBXContainerItemProxy section */
		AA11BB22CC33DD44EE550208 /* PBXContainerItemProxy */ = {
			isa = PBXContainerItemProxy;
			containerPortal = AA11BB22CC33DD44EE550009 /* Project object */;
			proxyType = 1;
			remoteGlobalIDString = AA11BB22CC33DD44EE550008;
			remoteInfo = YtDlpUI;
		};
/* End PBXContainerItemProxy section */

/* Begin PBXFileReference section */
		AA11BB22CC33DD44EE550004 /* YtDlpUI.app */ = {isa = PBXFileReference; explicitFileType = wrapper.application; includeInIndex = 0; path = YtDlpUI.app; sourceTree = BUILT_PRODUCTS_DIR; };
		AA11BB22CC33DD44EE550010 /* Vendor */ = {isa = PBXFileReference; lastKnownFileType = folder; path = Vendor; sourceTree = "<group>"; };
		AA11BB22CC33DD44EE550203 /* YtDlpUITests.xctest */ = {isa = PBXFileReference; explicitFileType = wrapper.cfbundle; includeInIndex = 0; path = YtDlpUITests.xctest; sourceTree = BUILT_PRODUCTS_DIR; };
/* End PBXFileReference section */

/* Begin PBXFileSystemSynchronizedRootGroup section */
		AA11BB22CC33DD44EE550002 /* Sources */ = {
			isa = PBXFileSystemSynchronizedRootGroup;
			path = Sources;
			sourceTree = "<group>";
		};
		AA11BB22CC33DD44EE550202 /* Tests */ = {
			isa = PBXFileSystemSynchronizedRootGroup;
			path = Tests;
			sourceTree = "<group>";
		};
/* End PBXFileSystemSynchronizedRootGroup section */

/* Begin PBXFrameworksBuildPhase section */
		AA11BB22CC33DD44EE550006 /* Frameworks */ = {
			isa = PBXFrameworksBuildPhase;
			buildActionMask = 2147483647;
			files = (
			);
			runOnlyForDeploymentPostprocessing = 0;
		};
		AA11BB22CC33DD44EE550205 /* Frameworks */ = {
			isa = PBXFrameworksBuildPhase;
			buildActionMask = 2147483647;
			files = (
			);
			runOnlyForDeploymentPostprocessing = 0;
		};
/* End PBXFrameworksBuildPhase section */

/* Begin PBXGroup section */
		AA11BB22CC33DD44EE550001 = {
			isa = PBXGroup;
			children = (
				AA11BB22CC33DD44EE550002 /* Sources */,
				AA11BB22CC33DD44EE550202 /* Tests */,
				AA11BB22CC33DD44EE550010 /* Vendor */,
				AA11BB22CC33DD44EE550003 /* Products */,
			);
			sourceTree = "<group>";
		};
		AA11BB22CC33DD44EE550003 /* Products */ = {
			isa = PBXGroup;
			children = (
				AA11BB22CC33DD44EE550004 /* YtDlpUI.app */,
				AA11BB22CC33DD44EE550203 /* YtDlpUITests.xctest */,
			);
			name = Products;
			sourceTree = "<group>";
		};
/* End PBXGroup section */

/* Begin PBXNativeTarget section */
		AA11BB22CC33DD44EE550008 /* YtDlpUI */ = {
			isa = PBXNativeTarget;
			buildConfigurationList = AA11BB22CC33DD44EE55000B /* Build configuration list for PBXNativeTarget "YtDlpUI" */;
			buildPhases = (
				AA11BB22CC33DD44EE550005 /* Sources */,
				AA11BB22CC33DD44EE550006 /* Frameworks */,
				AA11BB22CC33DD44EE550007 /* Resources */,
			);
			buildRules = (
			);
			dependencies = (
			);
			fileSystemSynchronizedGroups = (
				AA11BB22CC33DD44EE550002 /* Sources */,
			);
			name = YtDlpUI;
			packageProductDependencies = (
			);
			productName = YtDlpUI;
			productReference = AA11BB22CC33DD44EE550004 /* YtDlpUI.app */;
			productType = "com.apple.product-type.application";
		};
		AA11BB22CC33DD44EE550201 /* YtDlpUITests */ = {
			isa = PBXNativeTarget;
			buildConfigurationList = AA11BB22CC33DD44EE550209 /* Build configuration list for PBXNativeTarget "YtDlpUITests" */;
			buildPhases = (
				AA11BB22CC33DD44EE550204 /* Sources */,
				AA11BB22CC33DD44EE550205 /* Frameworks */,
				AA11BB22CC33DD44EE550206 /* Resources */,
			);
			buildRules = (
			);
			dependencies = (
				AA11BB22CC33DD44EE550207 /* PBXTargetDependency */,
			);
			fileSystemSynchronizedGroups = (
				AA11BB22CC33DD44EE550202 /* Tests */,
			);
			name = YtDlpUITests;
			packageProductDependencies = (
			);
			productName = YtDlpUITests;
			productReference = AA11BB22CC33DD44EE550203 /* YtDlpUITests.xctest */;
			productType = "com.apple.product-type.bundle.unit-test";
		};
/* End PBXNativeTarget section */

/* Begin PBXProject section */
		AA11BB22CC33DD44EE550009 /* Project object */ = {
			isa = PBXProject;
			attributes = {
				BuildIndependentTargetsInParallel = 1;
				LastSwiftUpdateCheck = 2660;
				LastUpgradeCheck = 2660;
				TargetAttributes = {
					AA11BB22CC33DD44EE550008 = {
						CreatedOnToolsVersion = 26.6;
					};
					AA11BB22CC33DD44EE550201 = {
						CreatedOnToolsVersion = 26.6;
						TestTargetID = AA11BB22CC33DD44EE550008;
					};
				};
			};
			buildConfigurationList = AA11BB22CC33DD44EE55000A /* Build configuration list for PBXProject "YtDlpUI" */;
			developmentRegion = en;
			hasScannedForEncodings = 0;
			knownRegions = (
				en,
				Base,
			);
			mainGroup = AA11BB22CC33DD44EE550001;
			minimizedProjectReferenceProxies = 1;
			preferredProjectObjectVersion = 77;
			productRefGroup = AA11BB22CC33DD44EE550003 /* Products */;
			projectDirPath = "";
			projectRoot = "";
			targets = (
				AA11BB22CC33DD44EE550008 /* YtDlpUI */,
				AA11BB22CC33DD44EE550201 /* YtDlpUITests */,
			);
		};
/* End PBXProject section */

/* Begin PBXResourcesBuildPhase section */
		AA11BB22CC33DD44EE550007 /* Resources */ = {
			isa = PBXResourcesBuildPhase;
			buildActionMask = 2147483647;
			files = (
				AA11BB22CC33DD44EE550011 /* Vendor in Resources */,
			);
			runOnlyForDeploymentPostprocessing = 0;
		};
		AA11BB22CC33DD44EE550206 /* Resources */ = {
			isa = PBXResourcesBuildPhase;
			buildActionMask = 2147483647;
			files = (
			);
			runOnlyForDeploymentPostprocessing = 0;
		};
/* End PBXResourcesBuildPhase section */

/* Begin PBXSourcesBuildPhase section */
		AA11BB22CC33DD44EE550005 /* Sources */ = {
			isa = PBXSourcesBuildPhase;
			buildActionMask = 2147483647;
			files = (
			);
			runOnlyForDeploymentPostprocessing = 0;
		};
		AA11BB22CC33DD44EE550204 /* Sources */ = {
			isa = PBXSourcesBuildPhase;
			buildActionMask = 2147483647;
			files = (
			);
			runOnlyForDeploymentPostprocessing = 0;
		};
/* End PBXSourcesBuildPhase section */

/* Begin PBXTargetDependency section */
		AA11BB22CC33DD44EE550207 /* PBXTargetDependency */ = {
			isa = PBXTargetDependency;
			target = AA11BB22CC33DD44EE550008 /* YtDlpUI */;
			targetProxy = AA11BB22CC33DD44EE550208 /* PBXContainerItemProxy */;
		};
/* End PBXTargetDependency section */

/* Begin XCBuildConfiguration section */
		AA11BB22CC33DD44EE55000C /* Debug */ = {
			isa = XCBuildConfiguration;
			buildSettings = {
				ALWAYS_SEARCH_USER_PATHS = NO;
				ARCHS = arm64;
				CLANG_ENABLE_MODULES = YES;
				CLANG_ENABLE_OBJC_ARC = YES;
				COPY_PHASE_STRIP = NO;
				DEBUG_INFORMATION_FORMAT = dwarf;
				ENABLE_STRICT_OBJC_MSGSEND = YES;
				ENABLE_TESTABILITY = YES;
				ENABLE_USER_SCRIPT_SANDBOXING = YES;
				GCC_NO_COMMON_BLOCKS = YES;
				GCC_OPTIMIZATION_LEVEL = 0;
				GCC_PREPROCESSOR_DEFINITIONS = (
					"DEBUG=1",
					"$(inherited)",
				);
				MACOSX_DEPLOYMENT_TARGET = 14.0;
				ONLY_ACTIVE_ARCH = YES;
				SDKROOT = macosx;
				SWIFT_ACTIVE_COMPILATION_CONDITIONS = "DEBUG $(inherited)";
				SWIFT_OPTIMIZATION_LEVEL = "-Onone";
				SWIFT_VERSION = 6.0;
			};
			name = Debug;
		};
		AA11BB22CC33DD44EE55000D /* Release */ = {
			isa = XCBuildConfiguration;
			buildSettings = {
				ALWAYS_SEARCH_USER_PATHS = NO;
				ARCHS = arm64;
				CLANG_ENABLE_MODULES = YES;
				CLANG_ENABLE_OBJC_ARC = YES;
				COPY_PHASE_STRIP = NO;
				DEBUG_INFORMATION_FORMAT = "dwarf-with-dsym";
				ENABLE_NS_ASSERTIONS = NO;
				ENABLE_STRICT_OBJC_MSGSEND = YES;
				ENABLE_USER_SCRIPT_SANDBOXING = YES;
				GCC_NO_COMMON_BLOCKS = YES;
				MACOSX_DEPLOYMENT_TARGET = 14.0;
				SDKROOT = macosx;
				SWIFT_COMPILATION_MODE = wholemodule;
				SWIFT_OPTIMIZATION_LEVEL = "-O";
				SWIFT_VERSION = 6.0;
			};
			name = Release;
		};
		AA11BB22CC33DD44EE55000E /* Debug */ = {
			isa = XCBuildConfiguration;
			buildSettings = {
				ASSETCATALOG_COMPILER_GENERATE_ASSET_SYMBOLS = NO;
				CODE_SIGN_IDENTITY = "-";
				CODE_SIGN_STYLE = Manual;
				COMBINE_HIDPI_IMAGES = YES;
				CURRENT_PROJECT_VERSION = 1;
				DEVELOPMENT_TEAM = "";
				ENABLE_APP_SANDBOX = NO;
				ENABLE_HARDENED_RUNTIME = NO;
				GENERATE_INFOPLIST_FILE = YES;
				INFOPLIST_KEY_CFBundleDisplayName = "yt-dlp UI";
				INFOPLIST_KEY_LSApplicationCategoryType = "public.app-category.utilities";
				INFOPLIST_KEY_LSUIElement = YES;
				INFOPLIST_KEY_NSHumanReadableCopyright = "";
				INFOPLIST_KEY_NSPrincipalClass = NSApplication;
				LD_RUNPATH_SEARCH_PATHS = (
					"$(inherited)",
					"@executable_path/../Frameworks",
				);
				MARKETING_VERSION = 0.1.0;
				PRODUCT_BUNDLE_IDENTIFIER = "com.howardliu.yt-dlp-ui";
				PRODUCT_NAME = "$(TARGET_NAME)";
				SWIFT_EMIT_LOC_STRINGS = YES;
				SWIFT_VERSION = 6.0;
			};
			name = Debug;
		};
		AA11BB22CC33DD44EE55000F /* Release */ = {
			isa = XCBuildConfiguration;
			buildSettings = {
				ASSETCATALOG_COMPILER_GENERATE_ASSET_SYMBOLS = NO;
				CODE_SIGN_IDENTITY = "-";
				CODE_SIGN_STYLE = Manual;
				COMBINE_HIDPI_IMAGES = YES;
				CURRENT_PROJECT_VERSION = 1;
				DEVELOPMENT_TEAM = "";
				ENABLE_APP_SANDBOX = NO;
				ENABLE_HARDENED_RUNTIME = NO;
				GENERATE_INFOPLIST_FILE = YES;
				INFOPLIST_KEY_CFBundleDisplayName = "yt-dlp UI";
				INFOPLIST_KEY_LSApplicationCategoryType = "public.app-category.utilities";
				INFOPLIST_KEY_LSUIElement = YES;
				INFOPLIST_KEY_NSHumanReadableCopyright = "";
				INFOPLIST_KEY_NSPrincipalClass = NSApplication;
				LD_RUNPATH_SEARCH_PATHS = (
					"$(inherited)",
					"@executable_path/../Frameworks",
				);
				MARKETING_VERSION = 0.1.0;
				PRODUCT_BUNDLE_IDENTIFIER = "com.howardliu.yt-dlp-ui";
				PRODUCT_NAME = "$(TARGET_NAME)";
				SWIFT_EMIT_LOC_STRINGS = YES;
				SWIFT_VERSION = 6.0;
			};
			name = Release;
		};
		AA11BB22CC33DD44EE55020A /* Debug */ = {
			isa = XCBuildConfiguration;
			buildSettings = {
				BUNDLE_LOADER = "$(TEST_HOST)";
				CODE_SIGN_IDENTITY = "-";
				CODE_SIGN_STYLE = Manual;
				CURRENT_PROJECT_VERSION = 1;
				GENERATE_INFOPLIST_FILE = YES;
				MARKETING_VERSION = 0.1.0;
				PRODUCT_BUNDLE_IDENTIFIER = "com.howardliu.yt-dlp-ui.tests";
				PRODUCT_NAME = "$(TARGET_NAME)";
				SWIFT_EMIT_LOC_STRINGS = NO;
				SWIFT_VERSION = 6.0;
				TEST_HOST = "$(BUILT_PRODUCTS_DIR)/YtDlpUI.app/Contents/MacOS/YtDlpUI";
			};
			name = Debug;
		};
		AA11BB22CC33DD44EE55020B /* Release */ = {
			isa = XCBuildConfiguration;
			buildSettings = {
				BUNDLE_LOADER = "$(TEST_HOST)";
				CODE_SIGN_IDENTITY = "-";
				CODE_SIGN_STYLE = Manual;
				CURRENT_PROJECT_VERSION = 1;
				GENERATE_INFOPLIST_FILE = YES;
				MARKETING_VERSION = 0.1.0;
				PRODUCT_BUNDLE_IDENTIFIER = "com.howardliu.yt-dlp-ui.tests";
				PRODUCT_NAME = "$(TARGET_NAME)";
				SWIFT_EMIT_LOC_STRINGS = NO;
				SWIFT_VERSION = 6.0;
				TEST_HOST = "$(BUILT_PRODUCTS_DIR)/YtDlpUI.app/Contents/MacOS/YtDlpUI";
			};
			name = Release;
		};
/* End XCBuildConfiguration section */

/* Begin XCConfigurationList section */
		AA11BB22CC33DD44EE55000A /* Build configuration list for PBXProject "YtDlpUI" */ = {
			isa = XCConfigurationList;
			buildConfigurations = (
				AA11BB22CC33DD44EE55000C /* Debug */,
				AA11BB22CC33DD44EE55000D /* Release */,
			);
			defaultConfigurationIsVisible = 0;
			defaultConfigurationName = Release;
		};
		AA11BB22CC33DD44EE55000B /* Build configuration list for PBXNativeTarget "YtDlpUI" */ = {
			isa = XCConfigurationList;
			buildConfigurations = (
				AA11BB22CC33DD44EE55000E /* Debug */,
				AA11BB22CC33DD44EE55000F /* Release */,
			);
			defaultConfigurationIsVisible = 0;
			defaultConfigurationName = Release;
		};
		AA11BB22CC33DD44EE550209 /* Build configuration list for PBXNativeTarget "YtDlpUITests" */ = {
			isa = XCConfigurationList;
			buildConfigurations = (
				AA11BB22CC33DD44EE55020A /* Debug */,
				AA11BB22CC33DD44EE55020B /* Release */,
			);
			defaultConfigurationIsVisible = 0;
			defaultConfigurationName = Release;
		};
/* End XCConfigurationList section */
	};
	rootObject = AA11BB22CC33DD44EE550009 /* Project object */;
}
